// !$*UTF8*$!
{
	archiveVersion = 1;
	classes = {
	};
	objectVersion = 50;
	objects = {

/* Begin PBXBuildFile section */
		28A5088421883602002B177C /* UtilClass.swift in Sources */ = {isa = PBXBuildFile; fileRef = 28A5079421882AAA002B177C /* UtilClass.swift */; };
		28A5088521883621002B177C /* Phone.swift in Sources */ = {isa = PBXBuildFile; fileRef = 28A5079621882AAA002B177C /* Phone.swift */; };
		28A508862188362A002B177C /* CallKitInstance.swift in Sources */ = {isa = PBXBuildFile; fileRef = 28A5079821882AAA002B177C /* CallKitInstance.swift */; };
		28A508882188377A002B177C /* PlivoVoiceKit.framework in Frameworks */ = {isa = PBXBuildFile; fileRef = 28A508872188377A002B177C /* PlivoVoiceKit.framework */; };
		28A509F921885394002B177C /* NBAsYouTypeFormatter.m in Sources */ = {isa = PBXBuildFile; fileRef = 28A5097621885394002B177C /* NBAsYouTypeFormatter.m */; };
		28A509FA21885394002B177C /* NBPhoneMetaData.m in Sources */ = {isa = PBXBuildFile; fileRef = 28A5097721885394002B177C /* NBPhoneMetaData.m */; };
		28A509FB21885394002B177C /* NBPhoneNumberUtil.m in Sources */ = {isa = PBXBuildFile; fileRef = 28A5097821885394002B177C /* NBPhoneNumberUtil.m */; };
		28A509FC21885394002B177C /* NSArray+NBAdditions.m in Sources */ = {isa = PBXBuildFile; fileRef = 28A5097921885394002B177C /* NSArray+NBAdditions.m */; };
		28A509FD21885394002B177C /* NBPhoneNumberMetadataForTesting.plist in Resources */ = {isa = PBXBuildFile; fileRef = 28A5097B21885394002B177C /* NBPhoneNumberMetadataForTesting.plist */; };
		28A509FE21885394002B177C /* NBNumberFormat.m in Sources */ = {isa = PBXBuildFile; fileRef = 28A5097C21885394002B177C /* NBNumberFormat.m */; };
		28A509FF21885394002B177C /* PhoneNumberMetaData.json in Resources */ = {isa = PBXBuildFile; fileRef = 28A5097E21885394002B177C /* PhoneNumberMetaData.json */; };
		28A50A0021885394002B177C /* NBPhoneNumber.m in Sources */ = {isa = PBXBuildFile; fileRef = 28A5098021885394002B177C /* NBPhoneNumber.m */; };
		28A50A0121885394002B177C /* PhoneNumberMetaDataForTesting.json in Resources */ = {isa = PBXBuildFile; fileRef = 28A5098121885394002B177C /* PhoneNumberMetaDataForTesting.json */; };
		28A50A0221885394002B177C /* NBPhoneNumberMetadata.plist in Resources */ = {isa = PBXBuildFile; fileRef = 28A5098521885394002B177C /* NBPhoneNumberMetadata.plist */; };
		28A50A0321885394002B177C /* NBPhoneNumberDesc.m in Sources */ = {isa = PBXBuildFile; fileRef = 28A5098621885394002B177C /* NBPhoneNumberDesc.m */; };
		28A50A0421885394002B177C /* JCPadButton.m in Sources */ = {isa = PBXBuildFile; fileRef = 28A5098B21885394002B177C /* JCPadButton.m */; };
		28A50A0521885394002B177C /* MZTimerLabel.m in Sources */ = {isa = PBXBuildFile; fileRef = 28A5098E21885394002B177C /* MZTimerLabel.m */; };
		28A50A0621885394002B177C /* UIView+FrameAccessor.m in Sources */ = {isa = PBXBuildFile; fileRef = 28A5098F21885394002B177C /* UIView+FrameAccessor.m */; };
		28A50A0721885394002B177C /* JCDialPad.m in Sources */ = {isa = PBXBuildFile; fileRef = 28A5099121885394002B177C /* JCDialPad.m */; };
		28A50A0821885394002B177C /* UIView+Toast.m in Sources */ = {isa = PBXBuildFile; fileRef = 28A5099221885394002B177C /* UIView+Toast.m */; };
		28A50A39218870FF002B177C /* CallInfo.swift in Sources */ = {isa = PBXBuildFile; fileRef = 28A50A38218870FF002B177C /* CallInfo.swift */; };
		28E44F73218824560099EF64 /* AppDelegate.swift in Sources */ = {isa = PBXBuildFile; fileRef = 28E44F72218824560099EF64 /* AppDelegate.swift */; };
		28E44F75218824560099EF64 /* ViewController.swift in Sources */ = {isa = PBXBuildFile; fileRef = 28E44F74218824560099EF64 /* ViewController.swift */; };
		28E44F78218824560099EF64 /* Main.storyboard in Resources */ = {isa = PBXBuildFile; fileRef = 28E44F76218824560099EF64 /* Main.storyboard */; };
		28E44F7A218824580099EF64 /* Assets.xcassets in Resources */ = {isa = PBXBuildFile; fileRef = 28E44F79218824580099EF64 /* Assets.xcassets */; };
		28E44F7D218824580099EF64 /* LaunchScreen.storyboard in Resources */ = {isa = PBXBuildFile; fileRef = 28E44F7B218824580099EF64 /* LaunchScreen.storyboard */; };
		28E44F88218824590099EF64 /* plivoIosQuickStartTests.swift in Sources */ = {isa = PBXBuildFile; fileRef = 28E44F87218824590099EF64 /* plivoIosQuickStartTests.swift */; };
		28E44F93218824590099EF64 /* plivoIosQuickStartUITests.swift in Sources */ = {isa = PBXBuildFile; fileRef = 28E44F92218824590099EF64 /* plivoIosQuickStartUITests.swift */; };
		41E11ACC82C503BB990B456E /* Pods_plivoIosQuickStart.framework in Frameworks */ = {isa = PBXBuildFile; fileRef = 156880623B6EA7BC0F4B4EEE /* Pods_plivoIosQuickStart.framework */; };
		6E89A5142869DE54C586D223 /* Pods_plivoIosQuickStartTests.framework in Frameworks */ = {isa = PBXBuildFile; fileRef = E54DE3E8CF9A1A27D7AE739C /* Pods_plivoIosQuickStartTests.framework */; };
		FCE7A409D8E7F7BA7AE2FACF /* Pods_plivoIosQuickStartUITests.framework in Frameworks */ = {isa = PBXBuildFile; fileRef = 209ECFAE6598FE806F217E6C /* Pods_plivoIosQuickStartUITests.framework */; };
/* End PBXBuildFile section */

/* Begin PBXContainerItemProxy section */
		28E44F84218824590099EF64 /* PBXContainerItemProxy */ = {
			isa = PBXContainerItemProxy;
			containerPortal = 28E44F67218824560099EF64 /* Project object */;
			proxyType = 1;
			remoteGlobalIDString = 28E44F6E218824560099EF64;
			remoteInfo = plivoIosQuickStart;
		};
		28E44F8F218824590099EF64 /* PBXContainerItemProxy */ = {
			isa = PBXContainerItemProxy;
			containerPortal = 28E44F67218824560099EF64 /* Project object */;
			proxyType = 1;
			remoteGlobalIDString = 28E44F6E218824560099EF64;
			remoteInfo = plivoIosQuickStart;
		};
/* End PBXContainerItemProxy section */

/* Begin PBXFileReference section */
		0929AE444EB686E39B66B07B /* Pods-plivoIosQuickStartUITests.release.xcconfig */ = {isa = PBXFileReference; includeInIndex = 1; lastKnownFileType = text.xcconfig; name = "Pods-plivoIosQuickStartUITests.release.xcconfig"; path = "Pods/Target Support Files/Pods-plivoIosQuickStartUITests/Pods-plivoIosQuickStartUITests.release.xcconfig"; sourceTree = "<group>"; };
		156880623B6EA7BC0F4B4EEE /* Pods_plivoIosQuickStart.framework */ = {isa = PBXFileReference; explicitFileType = wrapper.framework; includeInIndex = 0; path = Pods_plivoIosQuickStart.framework; sourceTree = BUILT_PRODUCTS_DIR; };
		16E69822E2E4B1D9A32CB227 /* Pods-plivoIosQuickStart.release.xcconfig */ = {isa = PBXFileReference; includeInIndex = 1; lastKnownFileType = text.xcconfig; name = "Pods-plivoIosQuickStart.release.xcconfig"; path = "Pods/Target Support Files/Pods-plivoIosQuickStart/Pods-plivoIosQuickStart.release.xcconfig"; sourceTree = "<group>"; };
		209ECFAE6598FE806F217E6C /* Pods_plivoIosQuickStartUITests.framework */ = {isa = PBXFileReference; explicitFileType = wrapper.framework; includeInIndex = 0; path = Pods_plivoIosQuickStartUITests.framework; sourceTree = BUILT_PRODUCTS_DIR; };
		28A5079421882AAA002B177C /* UtilClass.swift */ = {isa = PBXFileReference; lastKnownFileType = sourcecode.swift; name = UtilClass.swift; path = "App Files/UtilClass.swift"; sourceTree = "<group>"; };
		28A5079521882AAA002B177C /* Constants.h */ = {isa = PBXFileReference; lastKnownFileType = sourcecode.c.h; name = Constants.h; path = "App Files/Constants.h"; sourceTree = "<group>"; };
		28A5079621882AAA002B177C /* Phone.swift */ = {isa = PBXFileReference; lastKnownFileType = sourcecode.swift; name = Phone.swift; path = "App Files/Phone.swift"; sourceTree = "<group>"; };
		28A5079821882AAA002B177C /* CallKitInstance.swift */ = {isa = PBXFileReference; lastKnownFileType = sourcecode.swift; name = CallKitInstance.swift; path = "App Files/CallKitInstance.swift"; sourceTree = "<group>"; };
		28A508872188377A002B177C /* PlivoVoiceKit.framework */ = {isa = PBXFileReference; lastKnownFileType = wrapper.framework; name = PlivoVoiceKit.framework; path = Frameworks/PlivoVoiceKit.framework; sourceTree = "<group>"; };
		28A5097521885394002B177C /* NBPhoneNumber.h */ = {isa = PBXFileReference; fileEncoding = 4; lastKnownFileType = sourcecode.c.h; path = NBPhoneNumber.h; sourceTree = "<group>"; };
		28A5097621885394002B177C /* NBAsYouTypeFormatter.m */ = {isa = PBXFileReference; fileEncoding = 4; lastKnownFileType = sourcecode.c.objc; path = NBAsYouTypeFormatter.m; sourceTree = "<group>"; };
		28A5097721885394002B177C /* NBPhoneMetaData.m */ = {isa = PBXFileReference; fileEncoding = 4; lastKnownFileType = sourcecode.c.objc; path = NBPhoneMetaData.m; sourceTree = "<group>"; };
		28A5097821885394002B177C /* NBPhoneNumberUtil.m */ = {isa = PBXFileReference; fileEncoding = 4; lastKnownFileType = sourcecode.c.objc; path = NBPhoneNumberUtil.m; sourceTree = "<group>"; };
		28A5097921885394002B177C /* NSArray+NBAdditions.m */ = {isa = PBXFileReference; fileEncoding = 4; lastKnownFileType = sourcecode.c.objc; path = "NSArray+NBAdditions.m"; sourceTree = "<group>"; };
		28A5097A21885394002B177C /* NBPhoneNumberDefines.h */ = {isa = PBXFileReference; fileEncoding = 4; lastKnownFileType = sourcecode.c.h; path = NBPhoneNumberDefines.h; sourceTree = "<group>"; };
		28A5097B21885394002B177C /* NBPhoneNumberMetadataForTesting.plist */ = {isa = PBXFileReference; lastKnownFileType = file.bplist; path = NBPhoneNumberMetadataForTesting.plist; sourceTree = "<group>"; };
		28A5097C21885394002B177C /* NBNumberFormat.m */ = {isa = PBXFileReference; fileEncoding = 4; lastKnownFileType = sourcecode.c.objc; path = NBNumberFormat.m; sourceTree = "<group>"; };
		28A5097D21885394002B177C /* NBPhoneNumberDesc.h */ = {isa = PBXFileReference; fileEncoding = 4; lastKnownFileType = sourcecode.c.h; path = NBPhoneNumberDesc.h; sourceTree = "<group>"; };
		28A5097E21885394002B177C /* PhoneNumberMetaData.json */ = {isa = PBXFileReference; fileEncoding = 4; lastKnownFileType = text.json; path = PhoneNumberMetaData.json; sourceTree = "<group>"; };
		28A5097F21885394002B177C /* NBAsYouTypeFormatter.h */ = {isa = PBXFileReference; fileEncoding = 4; lastKnownFileType = sourcecode.c.h; path = NBAsYouTypeFormatter.h; sourceTree = "<group>"; };
		28A5098021885394002B177C /* NBPhoneNumber.m */ = {isa = PBXFileReference; fileEncoding = 4; lastKnownFileType = sourcecode.c.objc; path = NBPhoneNumber.m; sourceTree = "<group>"; };
		28A5098121885394002B177C /* PhoneNumberMetaDataForTesting.json */ = {isa = PBXFileReference; fileEncoding = 4; lastKnownFileType = text.json; path = PhoneNumberMetaDataForTesting.json; sourceTree = "<group>"; };
		28A5098221885394002B177C /* NBPhoneMetaData.h */ = {isa = PBXFileReference; fileEncoding = 4; lastKnownFileType = sourcecode.c.h; path = NBPhoneMetaData.h; sourceTree = "<group>"; };
		28A5098321885394002B177C /* NSArray+NBAdditions.h */ = {isa = PBXFileReference; fileEncoding = 4; lastKnownFileType = sourcecode.c.h; path = "NSArray+NBAdditions.h"; sourceTree = "<group>"; };
		28A5098421885394002B177C /* NBPhoneNumberUtil.h */ = {isa = PBXFileReference; fileEncoding = 4; lastKnownFileType = sourcecode.c.h; path = NBPhoneNumberUtil.h; sourceTree = "<group>"; };
		28A5098521885394002B177C /* NBPhoneNumberMetadata.plist */ = {isa = PBXFileReference; lastKnownFileType = file.bplist; path = NBPhoneNumberMetadata.plist; sourceTree = "<group>"; };
		28A5098621885394002B177C /* NBPhoneNumberDesc.m */ = {isa = PBXFileReference; fileEncoding = 4; lastKnownFileType = sourcecode.c.objc; path = NBPhoneNumberDesc.m; sourceTree = "<group>"; };
		28A5098721885394002B177C /* NBNumberFormat.h */ = {isa = PBXFileReference; fileEncoding = 4; lastKnownFileType = sourcecode.c.h; path = NBNumberFormat.h; sourceTree = "<group>"; };
		28A5098921885394002B177C /* MZTimerLabel.h */ = {isa = PBXFileReference; fileEncoding = 4; lastKnownFileType = sourcecode.c.h; path = MZTimerLabel.h; sourceTree = "<group>"; };
		28A5098A21885394002B177C /* UIView+FrameAccessor.h */ = {isa = PBXFileReference; fileEncoding = 4; lastKnownFileType = sourcecode.c.h; path = "UIView+FrameAccessor.h"; sourceTree = "<group>"; };
		28A5098B21885394002B177C /* JCPadButton.m */ = {isa = PBXFileReference; fileEncoding = 4; lastKnownFileType = sourcecode.c.objc; path = JCPadButton.m; sourceTree = "<group>"; };
		28A5098C21885394002B177C /* UIView+Toast.h */ = {isa = PBXFileReference; fileEncoding = 4; lastKnownFileType = sourcecode.c.h; path = "UIView+Toast.h"; sourceTree = "<group>"; };
		28A5098D21885394002B177C /* JCDialPad.h */ = {isa = PBXFileReference; fileEncoding = 4; lastKnownFileType = sourcecode.c.h; path = JCDialPad.h; sourceTree = "<group>"; };
		28A5098E21885394002B177C /* MZTimerLabel.m */ = {isa = PBXFileReference; fileEncoding = 4; lastKnownFileType = sourcecode.c.objc; path = MZTimerLabel.m; sourceTree = "<group>"; };
		28A5098F21885394002B177C /* UIView+FrameAccessor.m */ = {isa = PBXFileReference; fileEncoding = 4; lastKnownFileType = sourcecode.c.objc; path = "UIView+FrameAccessor.m"; sourceTree = "<group>"; };
		28A5099021885394002B177C /* JCPadButton.h */ = {isa = PBXFileReference; fileEncoding = 4; lastKnownFileType = sourcecode.c.h; path = JCPadButton.h; sourceTree = "<group>"; };
		28A5099121885394002B177C /* JCDialPad.m */ = {isa = PBXFileReference; fileEncoding = 4; lastKnownFileType = sourcecode.c.objc; path = JCDialPad.m; sourceTree = "<group>"; };
		28A5099221885394002B177C /* UIView+Toast.m */ = {isa = PBXFileReference; fileEncoding = 4; lastKnownFileType = sourcecode.c.objc; path = "UIView+Toast.m"; sourceTree = "<group>"; };
		28A50A35218869B7002B177C /* plivoIosQuickStart-Bridging-Header.h */ = {isa = PBXFileReference; lastKnownFileType = sourcecode.c.h; path = "plivoIosQuickStart-Bridging-Header.h"; sourceTree = "<group>"; };
		28A50A36218869E8002B177C /* plivoIosQuickStart.entitlements */ = {isa = PBXFileReference; lastKnownFileType = text.plist.entitlements; path = plivoIosQuickStart.entitlements; sourceTree = "<group>"; };
		28A50A38218870FF002B177C /* CallInfo.swift */ = {isa = PBXFileReference; lastKnownFileType = sourcecode.swift; path = CallInfo.swift; sourceTree = "<group>"; };
		28E44F6F218824560099EF64 /* plivoIosQuickStart.app */ = {isa = PBXFileReference; explicitFileType = wrapper.application; includeInIndex = 0; path = plivoIosQuickStart.app; sourceTree = BUILT_PRODUCTS_DIR; };
		28E44F72218824560099EF64 /* AppDelegate.swift */ = {isa = PBXFileReference; lastKnownFileType = sourcecode.swift; path = AppDelegate.swift; sourceTree = "<group>"; };
		28E44F74218824560099EF64 /* ViewController.swift */ = {isa = PBXFileReference; lastKnownFileType = sourcecode.swift; path = ViewController.swift; sourceTree = "<group>"; };
		28E44F77218824560099EF64 /* Base */ = {isa = PBXFileReference; lastKnownFileType = file.storyboard; name = Base; path = Base.lproj/Main.storyboard; sourceTree = "<group>"; };
		28E44F79218824580099EF64 /* Assets.xcassets */ = {isa = PBXFileReference; lastKnownFileType = folder.assetcatalog; path = Assets.xcassets; sourceTree = "<group>"; };
		28E44F7C218824580099EF64 /* Base */ = {isa = PBXFileReference; lastKnownFileType = file.storyboard; name = Base; path = Base.lproj/LaunchScreen.storyboard; sourceTree = "<group>"; };
		28E44F7E218824580099EF64 /* Info.plist */ = {isa = PBXFileReference; lastKnownFileType = text.plist.xml; path = Info.plist; sourceTree = "<group>"; };
		28E44F83218824590099EF64 /* plivoIosQuickStartTests.xctest */ = {isa = PBXFileReference; explicitFileType = wrapper.cfbundle; includeInIndex = 0; path = plivoIosQuickStartTests.xctest; sourceTree = BUILT_PRODUCTS_DIR; };
		28E44F87218824590099EF64 /* plivoIosQuickStartTests.swift */ = {isa = PBXFileReference; lastKnownFileType = sourcecode.swift; path = plivoIosQuickStartTests.swift; sourceTree = "<group>"; };
		28E44F89218824590099EF64 /* Info.plist */ = {isa = PBXFileReference; lastKnownFileType = text.plist.xml; path = Info.plist; sourceTree = "<group>"; };
		28E44F8E218824590099EF64 /* plivoIosQuickStartUITests.xctest */ = {isa = PBXFileReference; explicitFileType = wrapper.cfbundle; includeInIndex = 0; path = plivoIosQuickStartUITests.xctest; sourceTree = BUILT_PRODUCTS_DIR; };
		28E44F92218824590099EF64 /* plivoIosQuickStartUITests.swift */ = {isa = PBXFileReference; lastKnownFileType = sourcecode.swift; path = plivoIosQuickStartUITests.swift; sourceTree = "<group>"; };
		28E44F94218824590099EF64 /* Info.plist */ = {isa = PBXFileReference; lastKnownFileType = text.plist.xml; path = Info.plist; sourceTree = "<group>"; };
		37B192074EC04321525FD243 /* Pods-plivoIosQuickStartTests.debug.xcconfig */ = {isa = PBXFileReference; includeInIndex = 1; lastKnownFileType = text.xcconfig; name = "Pods-plivoIosQuickStartTests.debug.xcconfig"; path = "Pods/Target Support Files/Pods-plivoIosQuickStartTests/Pods-plivoIosQuickStartTests.debug.xcconfig"; sourceTree = "<group>"; };
		4DBAB878441DDC16939A2080 /* Pods-plivoIosQuickStart.debug.xcconfig */ = {isa = PBXFileReference; includeInIndex = 1; lastKnownFileType = text.xcconfig; name = "Pods-plivoIosQuickStart.debug.xcconfig"; path = "Pods/Target Support Files/Pods-plivoIosQuickStart/Pods-plivoIosQuickStart.debug.xcconfig"; sourceTree = "<group>"; };
		666405C796B5937E20006E63 /* Pods-plivoIosQuickStartUITests.debug.xcconfig */ = {isa = PBXFileReference; includeInIndex = 1; lastKnownFileType = text.xcconfig; name = "Pods-plivoIosQuickStartUITests.debug.xcconfig"; path = "Pods/Target Support Files/Pods-plivoIosQuickStartUITests/Pods-plivoIosQuickStartUITests.debug.xcconfig"; sourceTree = "<group>"; };
		744CAB84F7178F9EDC261230 /* Pods-plivoIosQuickStartTests.release.xcconfig */ = {isa = PBXFileReference; includeInIndex = 1; lastKnownFileType = text.xcconfig; name = "Pods-plivoIosQuickStartTests.release.xcconfig"; path = "Pods/Target Support Files/Pods-plivoIosQuickStartTests/Pods-plivoIosQuickStartTests.release.xcconfig"; sourceTree = "<group>"; };
		E54DE3E8CF9A1A27D7AE739C /* Pods_plivoIosQuickStartTests.framework */ = {isa = PBXFileReference; explicitFileType = wrapper.framework; includeInIndex = 0; path = Pods_plivoIosQuickStartTests.framework; sourceTree = BUILT_PRODUCTS_DIR; };
/* End PBXFileReference section */

/* Begin PBXFrameworksBuildPhase section */
		28E44F6C218824560099EF64 /* Frameworks */ = {
			isa = PBXFrameworksBuildPhase;
			buildActionMask = 2147483647;
			files = (
				28A508882188377A002B177C /* PlivoVoiceKit.framework in Frameworks */,
				41E11ACC82C503BB990B456E /* Pods_plivoIosQuickStart.framework in Frameworks */,
			);
			runOnlyForDeploymentPostprocessing = 0;
		};
		28E44F80218824590099EF64 /* Frameworks */ = {
			isa = PBXFrameworksBuildPhase;
			buildActionMask = 2147483647;
			files = (
				6E89A5142869DE54C586D223 /* Pods_plivoIosQuickStartTests.framework in Frameworks */,
			);
			runOnlyForDeploymentPostprocessing = 0;
		};
		28E44F8B218824590099EF64 /* Frameworks */ = {
			isa = PBXFrameworksBuildPhase;
			buildActionMask = 2147483647;
			files = (
				FCE7A409D8E7F7BA7AE2FACF /* Pods_plivoIosQuickStartUITests.framework in Frameworks */,
			);
			runOnlyForDeploymentPostprocessing = 0;
		};
/* End PBXFrameworksBuildPhase section */

/* Begin PBXGroup section */
		28A5097321885394002B177C /* Third party */ = {
			isa = PBXGroup;
			children = (
				28A5097421885394002B177C /* libPhoneNumber-iOS */,
				28A5098821885394002B177C /* Other */,
			);
			path = "Third party";
			sourceTree = "<group>";
		};
		28A5097421885394002B177C /* libPhoneNumber-iOS */ = {
			isa = PBXGroup;
			children = (
				28A5097521885394002B177C /* NBPhoneNumber.h */,
				28A5097621885394002B177C /* NBAsYouTypeFormatter.m */,
				28A5097721885394002B177C /* NBPhoneMetaData.m */,
				28A5097821885394002B177C /* NBPhoneNumberUtil.m */,
				28A5097921885394002B177C /* NSArray+NBAdditions.m */,
				28A5097A21885394002B177C /* NBPhoneNumberDefines.h */,
				28A5097B21885394002B177C /* NBPhoneNumberMetadataForTesting.plist */,
				28A5097C21885394002B177C /* NBNumberFormat.m */,
				28A5097D21885394002B177C /* NBPhoneNumberDesc.h */,
				28A5097E21885394002B177C /* PhoneNumberMetaData.json */,
				28A5097F21885394002B177C /* NBAsYouTypeFormatter.h */,
				28A5098021885394002B177C /* NBPhoneNumber.m */,
				28A5098121885394002B177C /* PhoneNumberMetaDataForTesting.json */,
				28A5098221885394002B177C /* NBPhoneMetaData.h */,
				28A5098321885394002B177C /* NSArray+NBAdditions.h */,
				28A5098421885394002B177C /* NBPhoneNumberUtil.h */,
				28A5098521885394002B177C /* NBPhoneNumberMetadata.plist */,
				28A5098621885394002B177C /* NBPhoneNumberDesc.m */,
				28A5098721885394002B177C /* NBNumberFormat.h */,
			);
			path = "libPhoneNumber-iOS";
			sourceTree = "<group>";
		};
		28A5098821885394002B177C /* Other */ = {
			isa = PBXGroup;
			children = (
				28A5098921885394002B177C /* MZTimerLabel.h */,
				28A5098A21885394002B177C /* UIView+FrameAccessor.h */,
				28A5098B21885394002B177C /* JCPadButton.m */,
				28A5098C21885394002B177C /* UIView+Toast.h */,
				28A5098D21885394002B177C /* JCDialPad.h */,
				28A5098E21885394002B177C /* MZTimerLabel.m */,
				28A5098F21885394002B177C /* UIView+FrameAccessor.m */,
				28A5099021885394002B177C /* JCPadButton.h */,
				28A5099121885394002B177C /* JCDialPad.m */,
				28A5099221885394002B177C /* UIView+Toast.m */,
			);
			path = Other;
			sourceTree = "<group>";
		};
		28A50A37218870ED002B177C /* Model */ = {
			isa = PBXGroup;
			children = (
				28A50A38218870FF002B177C /* CallInfo.swift */,
			);
			path = Model;
			sourceTree = "<group>";
		};
		28E44F66218824560099EF64 = {
			isa = PBXGroup;
			children = (
				28E44F71218824560099EF64 /* plivoIosQuickStart */,
				28E44F86218824590099EF64 /* plivoIosQuickStartTests */,
				28E44F91218824590099EF64 /* plivoIosQuickStartUITests */,
				28E44F70218824560099EF64 /* Products */,
				A71232BA14E35D94AEF0EEDE /* Pods */,
				587D0E945C0A4DC130C8E0C2 /* Frameworks */,
			);
			sourceTree = "<group>";
		};
		28E44F70218824560099EF64 /* Products */ = {
			isa = PBXGroup;
			children = (
				28E44F6F218824560099EF64 /* plivoIosQuickStart.app */,
				28E44F83218824590099EF64 /* plivoIosQuickStartTests.xctest */,
				28E44F8E218824590099EF64 /* plivoIosQuickStartUITests.xctest */,
			);
			name = Products;
			sourceTree = "<group>";
		};
		28E44F71218824560099EF64 /* plivoIosQuickStart */ = {
			isa = PBXGroup;
			children = (
				28A50A37218870ED002B177C /* Model */,
				28A50A36218869E8002B177C /* plivoIosQuickStart.entitlements */,
				28A5097321885394002B177C /* Third party */,
				28A50A35218869B7002B177C /* plivoIosQuickStart-Bridging-Header.h */,
				28A5079821882AAA002B177C /* CallKitInstance.swift */,
				28A5079621882AAA002B177C /* Phone.swift */,
				28A5079521882AAA002B177C /* Constants.h */,
				28A5079421882AAA002B177C /* UtilClass.swift */,
				28E44F72218824560099EF64 /* AppDelegate.swift */,
				28E44F74218824560099EF64 /* ViewController.swift */,
				28E44F76218824560099EF64 /* Main.storyboard */,
				28E44F79218824580099EF64 /* Assets.xcassets */,
				28E44F7B218824580099EF64 /* LaunchScreen.storyboard */,
				28E44F7E218824580099EF64 /* Info.plist */,
			);
			path = plivoIosQuickStart;
			sourceTree = "<group>";
		};
		28E44F86218824590099EF64 /* plivoIosQuickStartTests */ = {
			isa = PBXGroup;
			children = (
				28E44F87218824590099EF64 /* plivoIosQuickStartTests.swift */,
				28E44F89218824590099EF64 /* Info.plist */,
			);
			path = plivoIosQuickStartTests;
			sourceTree = "<group>";
		};
		28E44F91218824590099EF64 /* plivoIosQuickStartUITests */ = {
			isa = PBXGroup;
			children = (
				28E44F92218824590099EF64 /* plivoIosQuickStartUITests.swift */,
				28E44F94218824590099EF64 /* Info.plist */,
			);
			path = plivoIosQuickStartUITests;
			sourceTree = "<group>";
		};
		587D0E945C0A4DC130C8E0C2 /* Frameworks */ = {
			isa = PBXGroup;
			children = (
				28A508872188377A002B177C /* PlivoVoiceKit.framework */,
				156880623B6EA7BC0F4B4EEE /* Pods_plivoIosQuickStart.framework */,
				E54DE3E8CF9A1A27D7AE739C /* Pods_plivoIosQuickStartTests.framework */,
				209ECFAE6598FE806F217E6C /* Pods_plivoIosQuickStartUITests.framework */,
			);
			name = Frameworks;
			sourceTree = "<group>";
		};
		A71232BA14E35D94AEF0EEDE /* Pods */ = {
			isa = PBXGroup;
			children = (
				4DBAB878441DDC16939A2080 /* Pods-plivoIosQuickStart.debug.xcconfig */,
				16E69822E2E4B1D9A32CB227 /* Pods-plivoIosQuickStart.release.xcconfig */,
				37B192074EC04321525FD243 /* Pods-plivoIosQuickStartTests.debug.xcconfig */,
				744CAB84F7178F9EDC261230 /* Pods-plivoIosQuickStartTests.release.xcconfig */,
				666405C796B5937E20006E63 /* Pods-plivoIosQuickStartUITests.debug.xcconfig */,
				0929AE444EB686E39B66B07B /* Pods-plivoIosQuickStartUITests.release.xcconfig */,
			);
			name = Pods;
			sourceTree = "<group>";
		};
/* End PBXGroup section */

/* Begin PBXNativeTarget section */
		28E44F6E218824560099EF64 /* plivoIosQuickStart */ = {
			isa = PBXNativeTarget;
			buildConfigurationList = 28E44F97218824590099EF64 /* Build configuration list for PBXNativeTarget "plivoIosQuickStart" */;
			buildPhases = (
				108D6672FA631575843C7904 /* [CP] Check Pods Manifest.lock */,
				28E44F6B218824560099EF64 /* Sources */,
				28E44F6C218824560099EF64 /* Frameworks */,
				28E44F6D218824560099EF64 /* Resources */,
			);
			buildRules = (
			);
			dependencies = (
			);
			name = plivoIosQuickStart;
			productName = plivoIosQuickStart;
			productReference = 28E44F6F218824560099EF64 /* plivoIosQuickStart.app */;
			productType = "com.apple.product-type.application";
		};
		28E44F82218824590099EF64 /* plivoIosQuickStartTests */ = {
			isa = PBXNativeTarget;
			buildConfigurationList = 28E44F9A218824590099EF64 /* Build configuration list for PBXNativeTarget "plivoIosQuickStartTests" */;
			buildPhases = (
				5889C5D708014843B7A26728 /* [CP] Check Pods Manifest.lock */,
				28E44F7F218824590099EF64 /* Sources */,
				28E44F80218824590099EF64 /* Frameworks */,
				28E44F81218824590099EF64 /* Resources */,
			);
			buildRules = (
			);
			dependencies = (
				28E44F85218824590099EF64 /* PBXTargetDependency */,
			);
			name = plivoIosQuickStartTests;
			productName = plivoIosQuickStartTests;
			productReference = 28E44F83218824590099EF64 /* plivoIosQuickStartTests.xctest */;
			productType = "com.apple.product-type.bundle.unit-test";
		};
		28E44F8D218824590099EF64 /* plivoIosQuickStartUITests */ = {
			isa = PBXNativeTarget;
			buildConfigurationList = 28E44F9D218824590099EF64 /* Build configuration list for PBXNativeTarget "plivoIosQuickStartUITests" */;
			buildPhases = (
				079489FC678E9E3C3F7D48D9 /* [CP] Check Pods Manifest.lock */,
				28E44F8A218824590099EF64 /* Sources */,
				28E44F8B218824590099EF64 /* Frameworks */,
				28E44F8C218824590099EF64 /* Resources */,
			);
			buildRules = (
			);
			dependencies = (
				28E44F90218824590099EF64 /* PBXTargetDependency */,
			);
			name = plivoIosQuickStartUITests;
			productName = plivoIosQuickStartUITests;
			productReference = 28E44F8E218824590099EF64 /* plivoIosQuickStartUITests.xctest */;
			productType = "com.apple.product-type.bundle.ui-testing";
		};
/* End PBXNativeTarget section */

/* Begin PBXProject section */
		28E44F67218824560099EF64 /* Project object */ = {
			isa = PBXProject;
			attributes = {
				LastSwiftUpdateCheck = 1000;
				LastUpgradeCheck = 1000;
				ORGANIZATIONNAME = "Altanai Bisht";
				TargetAttributes = {
					28E44F6E218824560099EF64 = {
						CreatedOnToolsVersion = 10.0;
						SystemCapabilities = {
							com.apple.BackgroundModes = {
								enabled = 1;
							};
							com.apple.Push = {
								enabled = 1;
							};
						};
					};
					28E44F82218824590099EF64 = {
						CreatedOnToolsVersion = 10.0;
						TestTargetID = 28E44F6E218824560099EF64;
					};
					28E44F8D218824590099EF64 = {
						CreatedOnToolsVersion = 10.0;
						TestTargetID = 28E44F6E218824560099EF64;
					};
				};
			};
			buildConfigurationList = 28E44F6A218824560099EF64 /* Build configuration list for PBXProject "plivoIosQuickStart" */;
			compatibilityVersion = "Xcode 9.3";
			developmentRegion = en;
			hasScannedForEncodings = 0;
			knownRegions = (
				en,
				Base,
			);
			mainGroup = 28E44F66218824560099EF64;
			productRefGroup = 28E44F70218824560099EF64 /* Products */;
			projectDirPath = "";
			projectRoot = "";
			targets = (
				28E44F6E218824560099EF64 /* plivoIosQuickStart */,
				28E44F82218824590099EF64 /* plivoIosQuickStartTests */,
				28E44F8D218824590099EF64 /* plivoIosQuickStartUITests */,
			);
		};
/* End PBXProject section */

/* Begin PBXResourcesBuildPhase section */
		28E44F6D218824560099EF64 /* Resources */ = {
			isa = PBXResourcesBuildPhase;
			buildActionMask = 2147483647;
			files = (
				28A50A0221885394002B177C /* NBPhoneNumberMetadata.plist in Resources */,
				28A509FD21885394002B177C /* NBPhoneNumberMetadataForTesting.plist in Resources */,
				28A50A0121885394002B177C /* PhoneNumberMetaDataForTesting.json in Resources */,
				28E44F7D218824580099EF64 /* LaunchScreen.storyboard in Resources */,
				28E44F7A218824580099EF64 /* Assets.xcassets in Resources */,
				28A509FF21885394002B177C /* PhoneNumberMetaData.json in Resources */,
				28E44F78218824560099EF64 /* Main.storyboard in Resources */,
			);
			runOnlyForDeploymentPostprocessing = 0;
		};
		28E44F81218824590099EF64 /* Resources */ = {
			isa = PBXResourcesBuildPhase;
			buildActionMask = 2147483647;
			files = (
			);
			runOnlyForDeploymentPostprocessing = 0;
		};
		28E44F8C218824590099EF64 /* Resources */ = {
			isa = PBXResourcesBuildPhase;
			buildActionMask = 2147483647;
			files = (
			);
			runOnlyForDeploymentPostprocessing = 0;
		};
/* End PBXResourcesBuildPhase section */

/* Begin PBXShellScriptBuildPhase section */
		079489FC678E9E3C3F7D48D9 /* [CP] Check Pods Manifest.lock */ = {
			isa = PBXShellScriptBuildPhase;
			buildActionMask = 2147483647;
			files = (
			);
			inputPaths = (
				"${PODS_PODFILE_DIR_PATH}/Podfile.lock",
				"${PODS_ROOT}/Manifest.lock",
			);
			name = "[CP] Check Pods Manifest.lock";
			outputPaths = (
				"$(DERIVED_FILE_DIR)/Pods-plivoIosQuickStartUITests-checkManifestLockResult.txt",
			);
			runOnlyForDeploymentPostprocessing = 0;
			shellPath = /bin/sh;
			shellScript = "diff \"${PODS_PODFILE_DIR_PATH}/Podfile.lock\" \"${PODS_ROOT}/Manifest.lock\" > /dev/null\nif [ $? != 0 ] ; then\n    # print error to STDERR\n    echo \"error: The sandbox is not in sync with the Podfile.lock. Run 'pod install' or update your CocoaPods installation.\" >&2\n    exit 1\nfi\n# This output is used by Xcode 'outputs' to avoid re-running this script phase.\necho \"SUCCESS\" > \"${SCRIPT_OUTPUT_FILE_0}\"\n";
			showEnvVarsInLog = 0;
		};
		108D6672FA631575843C7904 /* [CP] Check Pods Manifest.lock */ = {
			isa = PBXShellScriptBuildPhase;
			buildActionMask = 2147483647;
			files = (
			);
			inputPaths = (
				"${PODS_PODFILE_DIR_PATH}/Podfile.lock",
				"${PODS_ROOT}/Manifest.lock",
			);
			name = "[CP] Check Pods Manifest.lock";
			outputPaths = (
				"$(DERIVED_FILE_DIR)/Pods-plivoIosQuickStart-checkManifestLockResult.txt",
			);
			runOnlyForDeploymentPostprocessing = 0;
			shellPath = /bin/sh;
			shellScript = "diff \"${PODS_PODFILE_DIR_PATH}/Podfile.lock\" \"${PODS_ROOT}/Manifest.lock\" > /dev/null\nif [ $? != 0 ] ; then\n    # print error to STDERR\n    echo \"error: The sandbox is not in sync with the Podfile.lock. Run 'pod install' or update your CocoaPods installation.\" >&2\n    exit 1\nfi\n# This output is used by Xcode 'outputs' to avoid re-running this script phase.\necho \"SUCCESS\" > \"${SCRIPT_OUTPUT_FILE_0}\"\n";
			showEnvVarsInLog = 0;
		};
		5889C5D708014843B7A26728 /* [CP] Check Pods Manifest.lock */ = {
			isa = PBXShellScriptBuildPhase;
			buildActionMask = 2147483647;
			files = (
			);
			inputPaths = (
				"${PODS_PODFILE_DIR_PATH}/Podfile.lock",
				"${PODS_ROOT}/Manifest.lock",
			);
			name = "[CP] Check Pods Manifest.lock";
			outputPaths = (
				"$(DERIVED_FILE_DIR)/Pods-plivoIosQuickStartTests-checkManifestLockResult.txt",
			);
			runOnlyForDeploymentPostprocessing = 0;
			shellPath = /bin/sh;
			shellScript = "diff \"${PODS_PODFILE_DIR_PATH}/Podfile.lock\" \"${PODS_ROOT}/Manifest.lock\" > /dev/null\nif [ $? != 0 ] ; then\n    # print error to STDERR\n    echo \"error: The sandbox is not in sync with the Podfile.lock. Run 'pod install' or update your CocoaPods installation.\" >&2\n    exit 1\nfi\n# This output is used by Xcode 'outputs' to avoid re-running this script phase.\necho \"SUCCESS\" > \"${SCRIPT_OUTPUT_FILE_0}\"\n";
			showEnvVarsInLog = 0;
		};
/* End PBXShellScriptBuildPhase section */

/* Begin PBXSourcesBuildPhase section */
		28E44F6B218824560099EF64 /* Sources */ = {
			isa = PBXSourcesBuildPhase;
			buildActionMask = 2147483647;
			files = (
				28A50A0621885394002B177C /* UIView+FrameAccessor.m in Sources */,
				28A50A39218870FF002B177C /* CallInfo.swift in Sources */,
				28A50A0321885394002B177C /* NBPhoneNumberDesc.m in Sources */,
				28A50A0721885394002B177C /* JCDialPad.m in Sources */,
				28A509FA21885394002B177C /* NBPhoneMetaData.m in Sources */,
				28A509FC21885394002B177C /* NSArray+NBAdditions.m in Sources */,
				28A5088521883621002B177C /* Phone.swift in Sources */,
				28A50A0421885394002B177C /* JCPadButton.m in Sources */,
				28A50A0521885394002B177C /* MZTimerLabel.m in Sources */,
				28A50A0821885394002B177C /* UIView+Toast.m in Sources */,
				28A509FE21885394002B177C /* NBNumberFormat.m in Sources */,
				28A5088421883602002B177C /* UtilClass.swift in Sources */,
				28A50A0021885394002B177C /* NBPhoneNumber.m in Sources */,
				28E44F75218824560099EF64 /* ViewController.swift in Sources */,
				28E44F73218824560099EF64 /* AppDelegate.swift in Sources */,
				28A509F921885394002B177C /* NBAsYouTypeFormatter.m in Sources */,
				28A508862188362A002B177C /* CallKitInstance.swift in Sources */,
				28A509FB21885394002B177C /* NBPhoneNumberUtil.m in Sources */,
			);
			runOnlyForDeploymentPostprocessing = 0;
		};
		28E44F7F218824590099EF64 /* Sources */ = {
			isa = PBXSourcesBuildPhase;
			buildActionMask = 2147483647;
			files = (
				28E44F88218824590099EF64 /* plivoIosQuickStartTests.swift in Sources */,
			);
			runOnlyForDeploymentPostprocessing = 0;
		};
		28E44F8A218824590099EF64 /* Sources */ = {
			isa = PBXSourcesBuildPhase;
			buildActionMask = 2147483647;
			files = (
				28E44F93218824590099EF64 /* plivoIosQuickStartUITests.swift in Sources */,
			);
			runOnlyForDeploymentPostprocessing = 0;
		};
/* End PBXSourcesBuildPhase section */

/* Begin PBXTargetDependency section */
		28E44F85218824590099EF64 /* PBXTargetDependency */ = {
			isa = PBXTargetDependency;
			target = 28E44F6E218824560099EF64 /* plivoIosQuickStart */;
			targetProxy = 28E44F84218824590099EF64 /* PBXContainerItemProxy */;
		};
		28E44F90218824590099EF64 /* PBXTargetDependency */ = {
			isa = PBXTargetDependency;
			target = 28E44F6E218824560099EF64 /* plivoIosQuickStart */;
			targetProxy = 28E44F8F218824590099EF64 /* PBXContainerItemProxy */;
		};
/* End PBXTargetDependency section */

/* Begin PBXVariantGroup section */
		28E44F76218824560099EF64 /* Main.storyboard */ = {
			isa = PBXVariantGroup;
			children = (
				28E44F77218824560099EF64 /* Base */,
			);
			name = Main.storyboard;
			sourceTree = "<group>";
		};
		28E44F7B218824580099EF64 /* LaunchScreen.storyboard */ = {
			isa = PBXVariantGroup;
			children = (
				28E44F7C218824580099EF64 /* Base */,
			);
			name = LaunchScreen.storyboard;
			sourceTree = "<group>";
		};
/* End PBXVariantGroup section */

/* Begin XCBuildConfiguration section */
		28E44F95218824590099EF64 /* Debug */ = {
			isa = XCBuildConfiguration;
			buildSettings = {
				ALWAYS_SEARCH_USER_PATHS = NO;
				CLANG_ANALYZER_NONNULL = YES;
				CLANG_ANALYZER_NUMBER_OBJECT_CONVERSION = YES_AGGRESSIVE;
				CLANG_CXX_LANGUAGE_STANDARD = "gnu++14";
				CLANG_CXX_LIBRARY = "libc++";
				CLANG_ENABLE_MODULES = YES;
				CLANG_ENABLE_OBJC_ARC = YES;
				CLANG_ENABLE_OBJC_WEAK = YES;
				CLANG_WARN_BLOCK_CAPTURE_AUTORELEASING = YES;
				CLANG_WARN_BOOL_CONVERSION = YES;
				CLANG_WARN_COMMA = YES;
				CLANG_WARN_CONSTANT_CONVERSION = YES;
				CLANG_WARN_DEPRECATED_OBJC_IMPLEMENTATIONS = YES;
				CLANG_WARN_DIRECT_OBJC_ISA_USAGE = YES_ERROR;
				CLANG_WARN_DOCUMENTATION_COMMENTS = YES;
				CLANG_WARN_EMPTY_BODY = YES;
				CLANG_WARN_ENUM_CONVERSION = YES;
				CLANG_WARN_INFINITE_RECURSION = YES;
				CLANG_WARN_INT_CONVERSION = YES;
				CLANG_WARN_NON_LITERAL_NULL_CONVERSION = YES;
				CLANG_WARN_OBJC_IMPLICIT_RETAIN_SELF = YES;
				CLANG_WARN_OBJC_LITERAL_CONVERSION = YES;
				CLANG_WARN_OBJC_ROOT_CLASS = YES_ERROR;
				CLANG_WARN_RANGE_LOOP_ANALYSIS = YES;
				CLANG_WARN_STRICT_PROTOTYPES = YES;
				CLANG_WARN_SUSPICIOUS_MOVE = YES;
				CLANG_WARN_UNGUARDED_AVAILABILITY = YES_AGGRESSIVE;
				CLANG_WARN_UNREACHABLE_CODE = YES;
				CLANG_WARN__DUPLICATE_METHOD_MATCH = YES;
				CODE_SIGN_IDENTITY = "iPhone Developer";
				COPY_PHASE_STRIP = NO;
				DEBUG_INFORMATION_FORMAT = dwarf;
				ENABLE_STRICT_OBJC_MSGSEND = YES;
				ENABLE_TESTABILITY = YES;
				GCC_C_LANGUAGE_STANDARD = gnu11;
				GCC_DYNAMIC_NO_PIC = NO;
				GCC_NO_COMMON_BLOCKS = YES;
				GCC_OPTIMIZATION_LEVEL = 0;
				GCC_PREPROCESSOR_DEFINITIONS = (
					"DEBUG=1",
					"$(inherited)",
				);
				GCC_WARN_64_TO_32_BIT_CONVERSION = YES;
				GCC_WARN_ABOUT_RETURN_TYPE = YES_ERROR;
				GCC_WARN_UNDECLARED_SELECTOR = YES;
				GCC_WARN_UNINITIALIZED_AUTOS = YES_AGGRESSIVE;
				GCC_WARN_UNUSED_FUNCTION = YES;
				GCC_WARN_UNUSED_VARIABLE = YES;
				IPHONEOS_DEPLOYMENT_TARGET = 12.0;
				MTL_ENABLE_DEBUG_INFO = INCLUDE_SOURCE;
				MTL_FAST_MATH = YES;
				ONLY_ACTIVE_ARCH = YES;
				SDKROOT = iphoneos;
				SWIFT_ACTIVE_COMPILATION_CONDITIONS = DEBUG;
				SWIFT_OPTIMIZATION_LEVEL = "-Onone";
			};
			name = Debug;
		};
		28E44F96218824590099EF64 /* Release */ = {
			isa = XCBuildConfiguration;
			buildSettings = {
				ALWAYS_SEARCH_USER_PATHS = NO;
				CLANG_ANALYZER_NONNULL = YES;
				CLANG_ANALYZER_NUMBER_OBJECT_CONVERSION = YES_AGGRESSIVE;
				CLANG_CXX_LANGUAGE_STANDARD = "gnu++14";
				CLANG_CXX_LIBRARY = "libc++";
				CLANG_ENABLE_MODULES = YES;
				CLANG_ENABLE_OBJC_ARC = YES;
				CLANG_ENABLE_OBJC_WEAK = YES;
				CLANG_WARN_BLOCK_CAPTURE_AUTORELEASING = YES;
				CLANG_WARN_BOOL_CONVERSION = YES;
				CLANG_WARN_COMMA = YES;
				CLANG_WARN_CONSTANT_CONVERSION = YES;
				CLANG_WARN_DEPRECATED_OBJC_IMPLEMENTATIONS = YES;
				CLANG_WARN_DIRECT_OBJC_ISA_USAGE = YES_ERROR;
				CLANG_WARN_DOCUMENTATION_COMMENTS = YES;
				CLANG_WARN_EMPTY_BODY = YES;
				CLANG_WARN_ENUM_CONVERSION = YES;
				CLANG_WARN_INFINITE_RECURSION = YES;
				CLANG_WARN_INT_CONVERSION = YES;
				CLANG_WARN_NON_LITERAL_NULL_CONVERSION = YES;
				CLANG_WARN_OBJC_IMPLICIT_RETAIN_SELF = YES;
				CLANG_WARN_OBJC_LITERAL_CONVERSION = YES;
				CLANG_WARN_OBJC_ROOT_CLASS = YES_ERROR;
				CLANG_WARN_RANGE_LOOP_ANALYSIS = YES;
				CLANG_WARN_STRICT_PROTOTYPES = YES;
				CLANG_WARN_SUSPICIOUS_MOVE = YES;
				CLANG_WARN_UNGUARDED_AVAILABILITY = YES_AGGRESSIVE;
				CLANG_WARN_UNREACHABLE_CODE = YES;
				CLANG_WARN__DUPLICATE_METHOD_MATCH = YES;
				CODE_SIGN_IDENTITY = "iPhone Developer";
				COPY_PHASE_STRIP = NO;
				DEBUG_INFORMATION_FORMAT = "dwarf-with-dsym";
				ENABLE_NS_ASSERTIONS = NO;
				ENABLE_STRICT_OBJC_MSGSEND = YES;
				GCC_C_LANGUAGE_STANDARD = gnu11;
				GCC_NO_COMMON_BLOCKS = YES;
				GCC_WARN_64_TO_32_BIT_CONVERSION = YES;
				GCC_WARN_ABOUT_RETURN_TYPE = YES_ERROR;
				GCC_WARN_UNDECLARED_SELECTOR = YES;
				GCC_WARN_UNINITIALIZED_AUTOS = YES_AGGRESSIVE;
				GCC_WARN_UNUSED_FUNCTION = YES;
				GCC_WARN_UNUSED_VARIABLE = YES;
				IPHONEOS_DEPLOYMENT_TARGET = 12.0;
				MTL_ENABLE_DEBUG_INFO = NO;
				MTL_FAST_MATH = YES;
				SDKROOT = iphoneos;
				SWIFT_COMPILATION_MODE = wholemodule;
				SWIFT_OPTIMIZATION_LEVEL = "-O";
				VALIDATE_PRODUCT = YES;
			};
			name = Release;
		};
		28E44F98218824590099EF64 /* Debug */ = {
			isa = XCBuildConfiguration;
			baseConfigurationReference = 4DBAB878441DDC16939A2080 /* Pods-plivoIosQuickStart.debug.xcconfig */;
			buildSettings = {
				ASSETCATALOG_COMPILER_APPICON_NAME = AppIcon;
				CODE_SIGN_ENTITLEMENTS = plivoIosQuickStart/plivoIosQuickStart.entitlements;
				CODE_SIGN_STYLE = Automatic;
				DEVELOPMENT_TEAM = A277824BB5;
				FRAMEWORK_SEARCH_PATHS = (
					"$(inherited)",
					"$(PROJECT_DIR)/plivoIosQuickStart",
					"$(PROJECT_DIR)/Frameworks",
				);
				INFOPLIST_FILE = plivoIosQuickStart/Info.plist;
				LD_RUNPATH_SEARCH_PATHS = (
					"$(inherited)",
					"@executable_path/Frameworks",
				);
				PRODUCT_BUNDLE_IDENTIFIER = com.plivo.plivoIosQuickStart;
				PRODUCT_NAME = "$(TARGET_NAME)";
				SWIFT_OBJC_BRIDGING_HEADER = "plivoIosQuickStart/plivoIosQuickStart-Bridging-Header.h";
				SWIFT_VERSION = 4.2;
				TARGETED_DEVICE_FAMILY = "1,2";
			};
			name = Debug;
		};
		28E44F99218824590099EF64 /* Release */ = {
			isa = XCBuildConfiguration;
			baseConfigurationReference = 16E69822E2E4B1D9A32CB227 /* Pods-plivoIosQuickStart.release.xcconfig */;
			buildSettings = {
				ASSETCATALOG_COMPILER_APPICON_NAME = AppIcon;
				CODE_SIGN_ENTITLEMENTS = plivoIosQuickStart/plivoIosQuickStart.entitlements;
				CODE_SIGN_STYLE = Automatic;
				DEVELOPMENT_TEAM = A277824BB5;
				FRAMEWORK_SEARCH_PATHS = (
					"$(inherited)",
					"$(PROJECT_DIR)/plivoIosQuickStart",
					"$(PROJECT_DIR)/Frameworks",
				);
				INFOPLIST_FILE = plivoIosQuickStart/Info.plist;
				LD_RUNPATH_SEARCH_PATHS = (
					"$(inherited)",
					"@executable_path/Frameworks",
				);
				PRODUCT_BUNDLE_IDENTIFIER = com.plivo.plivoIosQuickStart;
				PRODUCT_NAME = "$(TARGET_NAME)";
				SWIFT_OBJC_BRIDGING_HEADER = "plivoIosQuickStart/plivoIosQuickStart-Bridging-Header.h";
				SWIFT_VERSION = 4.2;
				TARGETED_DEVICE_FAMILY = "1,2";
			};
			name = Release;
		};
		28E44F9B218824590099EF64 /* Debug */ = {
			isa = XCBuildConfiguration;
			baseConfigurationReference = 37B192074EC04321525FD243 /* Pods-plivoIosQuickStartTests.debug.xcconfig */;
			buildSettings = {
				ALWAYS_EMBED_SWIFT_STANDARD_LIBRARIES = YES;
				BUNDLE_LOADER = "$(TEST_HOST)";
				CODE_SIGN_STYLE = Automatic;
				DEVELOPMENT_TEAM = A277824BB5;
				INFOPLIST_FILE = plivoIosQuickStartTests/Info.plist;
				LD_RUNPATH_SEARCH_PATHS = (
					"$(inherited)",
					"@executable_path/Frameworks",
					"@loader_path/Frameworks",
				);
				PRODUCT_BUNDLE_IDENTIFIER = com.plivo.plivoIosQuickStartTests;
				PRODUCT_NAME = "$(TARGET_NAME)";
				SWIFT_VERSION = 4.2;
				TARGETED_DEVICE_FAMILY = "1,2";
				TEST_HOST = "$(BUILT_PRODUCTS_DIR)/plivoIosQuickStart.app/plivoIosQuickStart";
			};
			name = Debug;
		};
		28E44F9C218824590099EF64 /* Release */ = {
			isa = XCBuildConfiguration;
			baseConfigurationReference = 744CAB84F7178F9EDC261230 /* Pods-plivoIosQuickStartTests.release.xcconfig */;
			buildSettings = {
				ALWAYS_EMBED_SWIFT_STANDARD_LIBRARIES = YES;
				BUNDLE_LOADER = "$(TEST_HOST)";
				CODE_SIGN_STYLE = Automatic;
				DEVELOPMENT_TEAM = A277824BB5;
				INFOPLIST_FILE = plivoIosQuickStartTests/Info.plist;
				LD_RUNPATH_SEARCH_PATHS = (
					"$(inherited)",
					"@executable_path/Frameworks",
					"@loader_path/Frameworks",
				);
				PRODUCT_BUNDLE_IDENTIFIER = com.plivo.plivoIosQuickStartTests;
				PRODUCT_NAME = "$(TARGET_NAME)";
				SWIFT_VERSION = 4.2;
				TARGETED_DEVICE_FAMILY = "1,2";
				TEST_HOST = "$(BUILT_PRODUCTS_DIR)/plivoIosQuickStart.app/plivoIosQuickStart";
			};
			name = Release;
		};
		28E44F9E218824590099EF64 /* Debug */ = {
			isa = XCBuildConfiguration;
			baseConfigurationReference = 666405C796B5937E20006E63 /* Pods-plivoIosQuickStartUITests.debug.xcconfig */;
			buildSettings = {
				ALWAYS_EMBED_SWIFT_STANDARD_LIBRARIES = YES;
				CODE_SIGN_STYLE = Automatic;
				DEVELOPMENT_TEAM = A277824BB5;
				INFOPLIST_FILE = plivoIosQuickStartUITests/Info.plist;
				LD_RUNPATH_SEARCH_PATHS = (
					"$(inherited)",
					"@executable_path/Frameworks",
					"@loader_path/Frameworks",
				);
				PRODUCT_BUNDLE_IDENTIFIER = com.plivo.plivoIosQuickStartUITests;
				PRODUCT_NAME = "$(TARGET_NAME)";
				SWIFT_VERSION = 4.2;
				TARGETED_DEVICE_FAMILY = "1,2";
				TEST_TARGET_NAME = plivoIosQuickStart;
			};
			name = Debug;
		};
		28E44F9F218824590099EF64 /* Release */ = {
			isa = XCBuildConfiguration;
			baseConfigurationReference = 0929AE444EB686E39B66B07B /* Pods-plivoIosQuickStartUITests.release.xcconfig */;
			buildSettings = {
				ALWAYS_EMBED_SWIFT_STANDARD_LIBRARIES = YES;
				CODE_SIGN_STYLE = Automatic;
				DEVELOPMENT_TEAM = A277824BB5;
				INFOPLIST_FILE = plivoIosQuickStartUITests/Info.plist;
				LD_RUNPATH_SEARCH_PATHS = (
					"$(inherited)",
					"@executable_path/Frameworks",
					"@loader_path/Frameworks",
				);
				PRODUCT_BUNDLE_IDENTIFIER = com.plivo.plivoIosQuickStartUITests;
				PRODUCT_NAME = "$(TARGET_NAME)";
				SWIFT_VERSION = 4.2;
				TARGETED_DEVICE_FAMILY = "1,2";
				TEST_TARGET_NAME = plivoIosQuickStart;
			};
			name = Release;
		};
/* End XCBuildConfiguration section */

/* Begin XCConfigurationList section */
		28E44F6A218824560099EF64 /* Build configuration list for PBXProject "plivoIosQuickStart" */ = {
			isa = XCConfigurationList;
			buildConfigurations = (
				28E44F95218824590099EF64 /* Debug */,
				28E44F96218824590099EF64 /* Release */,
			);
			defaultConfigurationIsVisible = 0;
			defaultConfigurationName = Release;
		};
		28E44F97218824590099EF64 /* Build configuration list for PBXNativeTarget "plivoIosQuickStart" */ = {
			isa = XCConfigurationList;
			buildConfigurations = (
				28E44F98218824590099EF64 /* Debug */,
				28E44F99218824590099EF64 /* Release */,
			);
			defaultConfigurationIsVisible = 0;
			defaultConfigurationName = Release;
		};
		28E44F9A218824590099EF64 /* Build configuration list for PBXNativeTarget "plivoIosQuickStartTests" */ = {
			isa = XCConfigurationList;
			buildConfigurations = (
				28E44F9B218824590099EF64 /* Debug */,
				28E44F9C218824590099EF64 /* Release */,
			);
			defaultConfigurationIsVisible = 0;
			defaultConfigurationName = Release;
		};
		28E44F9D218824590099EF64 /* Build configuration list for PBXNativeTarget "plivoIosQuickStartUITests" */ = {
			isa = XCConfigurationList;
			buildConfigurations = (
				28E44F9E218824590099EF64 /* Debug */,
				28E44F9F218824590099EF64 /* Release */,
			);
			defaultConfigurationIsVisible = 0;
			defaultConfigurationName = Release;
		};
/* End XCConfigurationList section */
	};
	rootObject = 28E44F67218824560099EF64 /* Project object */;
}
